
Microsoft Visual Studio Solution File, Format Version 12.00
# Visual Studio Version 17
VisualStudioVersion = 17.0.31903.59
MinimumVisualStudioVersion = 10.0.40219.1
Project("{2150E333-8FDC-42A3-9474-1A3956D46DE8}") = "Modules", "Modules", "{A6352E4F-15D7-468D-B464-7857CA6D5370}"
EndProject
Project("{2150E333-8FDC-42A3-9474-1A3956D46DE8}") = "Attributes", "Attributes", "{46CB300D-FB39-4FB4-8471-C38955C22F4F}"
EndProject
Project("{FAE04EC0-301F-11D3-BF4B-00C04F79EFBC}") = "CoreAtr", "Modules\Attributes\CoreAtr\CoreAtr.csproj", "{B245DF72-B39E-4A98-A3D3-14ADE5566777}"
EndProject
Global
	GlobalSection(SolutionConfigurationPlatforms) = preSolution
		Debug|Any CPU = Debug|Any CPU
		Release|Any CPU = Release|Any CPU
	EndGlobalSection
	GlobalSection(ProjectConfigurationPlatforms) = postSolution
		{B245DF72-B39E-4A98-A3D3-14ADE5566777}.Debug|Any CPU.ActiveCfg = Debug|Any CPU
		{B245DF72-B39E-4A98-A3D3-14ADE5566777}.Debug|Any CPU.Build.0 = Debug|Any CPU
		{B245DF72-B39E-4A98-A3D3-14ADE5566777}.Release|Any CPU.ActiveCfg = Release|Any CPU
		{B245DF72-B39E-4A98-A3D3-14ADE5566777}.Release|Any CPU.Build.0 = Release|Any CPU
	EndGlobalSection
	GlobalSection(SolutionProperties) = preSolution
		HideSolutionNode = FALSE
	EndGlobalSection
	GlobalSection(NestedProjects) = preSolution
		{46CB300D-FB39-4FB4-8471-C38955C22F4F} = {A6352E4F-15D7-468D-B464-7857CA6D5370}
		{B245DF72-B39E-4A98-A3D3-14ADE5566777} = {46CB300D-FB39-4FB4-8471-C38955C22F4F}
	EndGlobalSection
EndGlobal
